{
  "name": "@vtb/workspace",
  "version": "0.0.1",
  "lockfileVersion": 3,
  "requires": true,
  "packages": {
    "": {
      "name": "@vtb/workspace",
      "version": "0.0.1",
      "license": "ISC",
      "workspaces": [
        "apps/*"
      ],
      "devDependencies": {
        "prettier": "^3.0.3",
        "typescript": "^5.2.2"
      }
    },
    "apps/server": {
      "name": "@vtb/server",
      "version": "0.0.1",
      "dependencies": {
        "drizzle-orm": "^0.28.6"
      }
    },
    "node_modules/@vtb/server": {
      "resolved": "apps/server",
      "link": true
    },
    "node_modules/drizzle-orm": {
      "version": "0.28.6",
      "resolved": "https://registry.npmjs.org/drizzle-orm/-/drizzle-orm-0.28.6.tgz",
      "integrity": "sha512-yBe+F9htrlYER7uXgDJUQsTHFoIrI5yMm5A0bg0GiZ/kY5jNXTWoEy4KQtg35cE27sw1VbgzoMWHAgCckUUUww==",
      "peerDependencies": {
        "@aws-sdk/client-rds-data": ">=3",
        "@cloudflare/workers-types": ">=3",
        "@libsql/client": "*",
        "@neondatabase/serverless": ">=0.1",
        "@opentelemetry/api": "^1.4.1",
        "@planetscale/database": ">=1",
        "@types/better-sqlite3": "*",
        "@types/pg": "*",
        "@types/sql.js": "*",
        "@vercel/postgres": "*",
        "better-sqlite3": ">=7",
        "bun-types": "*",
        "knex": "*",
        "kysely": "*",
        "mysql2": ">=2",
        "pg": ">=8",
        "postgres": ">=3",
        "sql.js": ">=1",
        "sqlite3": ">=5"
      },
      "peerDependenciesMeta": {
        "@aws-sdk/client-rds-data": {
          "optional": true
        },
        "@cloudflare/workers-types": {
          "optional": true
        },
        "@libsql/client": {
          "optional": true
        },
        "@neondatabase/serverless": {
          "optional": true
        },
        "@opentelemetry/api": {
          "optional": true
        },
        "@planetscale/database": {
          "optional": true
        },
        "@types/better-sqlite3": {
          "optional": true
        },
        "@types/pg": {
          "optional": true
        },
        "@types/sql.js": {
          "optional": true
        },
        "@vercel/postgres": {
          "optional": true
        },
        "better-sqlite3": {
          "optional": true
        },
        "bun-types": {
          "optional": true
        },
        "knex": {
          "optional": true
        },
        "kysely": {
          "optional": true
        },
        "mysql2": {
          "optional": true
        },
        "pg": {
          "optional": true
        },
        "postgres": {
          "optional": true
        },
        "sql.js": {
          "optional": true
        },
        "sqlite3": {
          "optional": true
        }
      }
    },
    "node_modules/prettier": {
      "version": "3.0.3",
      "resolved": "https://registry.npmjs.org/prettier/-/prettier-3.0.3.tgz",
      "integrity": "sha512-L/4pUDMxcNa8R/EthV08Zt42WBO4h1rarVtK0K+QJG0X187OLo7l699jWw0GKuwzkPQ//jMFA/8Xm6Fh3J/DAg==",
      "dev": true,
      "bin": {
        "prettier": "bin/prettier.cjs"
      },
      "engines": {
        "node": ">=14"
      },
      "funding": {
        "url": "https://github.com/prettier/prettier?sponsor=1"
      }
    },
    "node_modules/typescript": {
      "version": "5.2.2",
      "resolved": "https://registry.npmjs.org/typescript/-/typescript-5.2.2.tgz",
      "integrity": "sha512-mI4WrpHsbCIcwT9cF4FZvr80QUeKvsUsUvKDoR+X/7XHQH98xYD8YHZg7ANtz2GtZt/CBq2QJ0thkGJMHfqc1w==",
      "dev": true,
      "bin": {
        "tsc": "bin/tsc",
        "tsserver": "bin/tsserver"
      },
      "engines": {
        "node": ">=14.17"
      }
    }
  }
}
